
Microsoft Visual Studio Solution File, Format Version 12.00
# Visual Studio Version 17
VisualStudioVersion = 17.8.34330.188
MinimumVisualStudioVersion = 10.0.40219.1
Project("{FAE04EC0-301F-11D3-BF4B-00C04F79EFBC}") = "ATTT", "ATTT.csproj", "{EB7D226D-0A5B-4F4D-87DB-FC25E5F06E4E}"
EndProject
Global
	GlobalSection(SolutionConfigurationPlatforms) = preSolution
		Debug|Any CPU = Debug|Any CPU
		Release|Any CPU = Release|Any CPU
	EndGlobalSection
	GlobalSection(ProjectConfigurationPlatforms) = postSolution
		{EB7D226D-0A5B-4F4D-87DB-FC25E5F06E4E}.Debug|Any CPU.ActiveCfg = Debug|Any CPU
		{EB7D226D-0A5B-4F4D-87DB-FC25E5F06E4E}.Debug|Any CPU.Build.0 = Debug|Any CPU
		{EB7D226D-0A5B-4F4D-87DB-FC25E5F06E4E}.Release|Any CPU.ActiveCfg = Release|Any CPU
		{EB7D226D-0A5B-4F4D-87DB-FC25E5F06E4E}.Release|Any CPU.Build.0 = Release|Any CPU
	EndGlobalSection
	GlobalSection(SolutionProperties) = preSolution
		HideSolutionNode = FALSE
	EndGlobalSection
	GlobalSection(ExtensibilityGlobals) = postSolution
		SolutionGuid = {59677CE8-04E4-4EAF-AB8B-2A363E6C93D5}
	EndGlobalSection
EndGlobal
